
Microsoft Visual Studio Solution File, Format Version 12.00
# Visual Studio 2013
VisualStudioVersion = 12.0.30723.0
MinimumVisualStudioVersion = 10.0.40219.1
Project("{FAE04EC0-301F-11D3-BF4B-00C04F79EFBC}") = "DrunkCheck", "DrunkCheck\DrunkCheck.csproj", "{A4795A1F-E20C-4E3D-93FD-AF6F6242E661}"
EndProject
Project("{FAE04EC0-301F-11D3-BF4B-00C04F79EFBC}") = "DrunkCheckWeb", "DrunkCheckWeb\DrunkCheckWeb.csproj", "{89267329-091E-4FE1-8BB4-CF935DC7CA11}"
EndProject
Project("{2150E333-8FDC-42A3-9474-1A3956D46DE8}") = "PublishScripts", "PublishScripts", "{036A6B20-EF65-4F24-B477-3DC7DBDCAE90}"
	ProjectSection(SolutionItems) = preProject
		PublishScripts\AzureWebsitePublishModule.psm1 = PublishScripts\AzureWebsitePublishModule.psm1
		PublishScripts\Publish-WebApplicationWebsite.ps1 = PublishScripts\Publish-WebApplicationWebsite.ps1
	EndProjectSection
EndProject
Project("{2150E333-8FDC-42A3-9474-1A3956D46DE8}") = "Configurations", "Configurations", "{AB596CC6-2A7C-4C11-8621-710430BB4B89}"
	ProjectSection(SolutionItems) = preProject
		PublishScripts\Configurations\DrunkCheckWeb-WAWS-dev.json = PublishScripts\Configurations\DrunkCheckWeb-WAWS-dev.json
	EndProjectSection
EndProject
Project("{2150E333-8FDC-42A3-9474-1A3956D46DE8}") = ".nuget", ".nuget", "{0FEA61B5-8EBD-4956-A4E6-4F780F95B483}"
	ProjectSection(SolutionItems) = preProject
		.nuget\packages.config = .nuget\packages.config
	EndProjectSection
EndProject
Global
	GlobalSection(SolutionConfigurationPlatforms) = preSolution
		Debug|Any CPU = Debug|Any CPU
		Release|Any CPU = Release|Any CPU
	EndGlobalSection
	GlobalSection(ProjectConfigurationPlatforms) = postSolution
		{A4795A1F-E20C-4E3D-93FD-AF6F6242E661}.Debug|Any CPU.ActiveCfg = Debug|Any CPU
		{A4795A1F-E20C-4E3D-93FD-AF6F6242E661}.Debug|Any CPU.Build.0 = Debug|Any CPU
		{A4795A1F-E20C-4E3D-93FD-AF6F6242E661}.Release|Any CPU.ActiveCfg = Release|Any CPU
		{A4795A1F-E20C-4E3D-93FD-AF6F6242E661}.Release|Any CPU.Build.0 = Release|Any CPU
		{89267329-091E-4FE1-8BB4-CF935DC7CA11}.Debug|Any CPU.ActiveCfg = Debug|Any CPU
		{89267329-091E-4FE1-8BB4-CF935DC7CA11}.Debug|Any CPU.Build.0 = Debug|Any CPU
		{89267329-091E-4FE1-8BB4-CF935DC7CA11}.Release|Any CPU.ActiveCfg = Release|Any CPU
		{89267329-091E-4FE1-8BB4-CF935DC7CA11}.Release|Any CPU.Build.0 = Release|Any CPU
	EndGlobalSection
	GlobalSection(SolutionProperties) = preSolution
		HideSolutionNode = FALSE
	EndGlobalSection
	GlobalSection(NestedProjects) = preSolution
		{AB596CC6-2A7C-4C11-8621-710430BB4B89} = {036A6B20-EF65-4F24-B477-3DC7DBDCAE90}
	EndGlobalSection
EndGlobal
